// !$*UTF8*$!
{
	archiveVersion = 1;
	classes = {
	};
	objectVersion = 46;
	objects = {

/* Begin PBXBuildFile section */
		EB1F2C5F198B0E3700929EDD /* LauchViewController.m in Sources */ = {isa = PBXBuildFile; fileRef = EB1F2C5E198B0E3700929EDD /* LauchViewController.m */; };
		EB1F2C61198B0EA700929EDD /* GardenStoryboard.storyboard in Resources */ = {isa = PBXBuildFile; fileRef = EB1F2C60198B0EA700929EDD /* GardenStoryboard.storyboard */; };
		EB1F2C70198B1C8A00929EDD /* HelperUtils.mm in Sources */ = {isa = PBXBuildFile; fileRef = EB1F2C6F198B1C8A00929EDD /* HelperUtils.mm */; };
		EB1F2C75198B1F4F00929EDD /* launch_default.png in Resources */ = {isa = PBXBuildFile; fileRef = EB1F2C73198B1F4F00929EDD /* launch_default.png */; };
		EB1F2C76198B1F4F00929EDD /* launch.png in Resources */ = {isa = PBXBuildFile; fileRef = EB1F2C74198B1F4F00929EDD /* launch.png */; };
		EB1F2C7A198B217200929EDD /* MainViewController.m in Sources */ = {isa = PBXBuildFile; fileRef = EB1F2C79198B217200929EDD /* MainViewController.m */; };
		EB26250C198BA02100DF230F /* SoundManager.m in Sources */ = {isa = PBXBuildFile; fileRef = EB26250B198BA02100DF230F /* SoundManager.m */; };
		EBB1D8E3198A594800CDD6E5 /* UIKit.framework in Frameworks */ = {isa = PBXBuildFile; fileRef = EBB1D8E2198A594800CDD6E5 /* UIKit.framework */; };
		EBB1D8E5198A594800CDD6E5 /* Foundation.framework in Frameworks */ = {isa = PBXBuildFile; fileRef = EBB1D8E4198A594800CDD6E5 /* Foundation.framework */; };
		EBB1D8E7198A594800CDD6E5 /* CoreGraphics.framework in Frameworks */ = {isa = PBXBuildFile; fileRef = EBB1D8E6198A594800CDD6E5 /* CoreGraphics.framework */; };
		EBB1D8ED198A594800CDD6E5 /* InfoPlist.strings in Resources */ = {isa = PBXBuildFile; fileRef = EBB1D8EB198A594800CDD6E5 /* InfoPlist.strings */; };
		EBB1D8EF198A594800CDD6E5 /* main.m in Sources */ = {isa = PBXBuildFile; fileRef = EBB1D8EE198A594800CDD6E5 /* main.m */; };
		EBB1D8F3198A594800CDD6E5 /* AppDelegate.m in Sources */ = {isa = PBXBuildFile; fileRef = EBB1D8F2198A594800CDD6E5 /* AppDelegate.m */; };
		EBB1D8F5198A594800CDD6E5 /* Default.png in Resources */ = {isa = PBXBuildFile; fileRef = EBB1D8F4198A594800CDD6E5 /* Default.png */; };
		EBB1D8F7198A594800CDD6E5 /* Default@2x.png in Resources */ = {isa = PBXBuildFile; fileRef = EBB1D8F6198A594800CDD6E5 /* Default@2x.png */; };
		EBB1D8F9198A594800CDD6E5 /* Default-568h@2x.png in Resources */ = {isa = PBXBuildFile; fileRef = EBB1D8F8198A594800CDD6E5 /* Default-568h@2x.png */; };
		EBB1D90D198A594800CDD6E5 /* SenTestingKit.framework in Frameworks */ = {isa = PBXBuildFile; fileRef = EBB1D90C198A594800CDD6E5 /* SenTestingKit.framework */; };
		EBB1D90E198A594800CDD6E5 /* UIKit.framework in Frameworks */ = {isa = PBXBuildFile; fileRef = EBB1D8E2198A594800CDD6E5 /* UIKit.framework */; };
		EBB1D90F198A594800CDD6E5 /* Foundation.framework in Frameworks */ = {isa = PBXBuildFile; fileRef = EBB1D8E4198A594800CDD6E5 /* Foundation.framework */; };
		EBB1D917198A594800CDD6E5 /* InfoPlist.strings in Resources */ = {isa = PBXBuildFile; fileRef = EBB1D915198A594800CDD6E5 /* InfoPlist.strings */; };
		EBB1D91A198A594900CDD6E5 /* GardenFootballTests.m in Sources */ = {isa = PBXBuildFile; fileRef = EBB1D919198A594900CDD6E5 /* GardenFootballTests.m */; };
		EBF37020199004750037555A /* KYIArcTabGestureHelp.png in Resources */ = {isa = PBXBuildFile; fileRef = EBF37012199004750037555A /* KYIArcTabGestureHelp.png */; };
		EBF37021199004750037555A /* KYIArcTabGestureHelp@2x.png in Resources */ = {isa = PBXBuildFile; fileRef = EBF37013199004750037555A /* KYIArcTabGestureHelp@2x.png */; };
		EBF37022199004750037555A /* KYITabBarArrow.png in Resources */ = {isa = PBXBuildFile; fileRef = EBF37014199004750037555A /* KYITabBarArrow.png */; };
		EBF37023199004750037555A /* KYITabBarArrow@2x.png in Resources */ = {isa = PBXBuildFile; fileRef = EBF37015199004750037555A /* KYITabBarArrow@2x.png */; };
		EBF37024199004750037555A /* KYITabBarBackground.png in Resources */ = {isa = PBXBuildFile; fileRef = EBF37016199004750037555A /* KYITabBarBackground.png */; };
		EBF37025199004750037555A /* KYITabBarBackground@2x.png in Resources */ = {isa = PBXBuildFile; fileRef = EBF37017199004750037555A /* KYITabBarBackground@2x.png */; };
		EBF37026199004750037555A /* KYTabBarItem01.png in Resources */ = {isa = PBXBuildFile; fileRef = EBF37018199004750037555A /* KYTabBarItem01.png */; };
		EBF37027199004750037555A /* KYTabBarItem01@2x.png in Resources */ = {isa = PBXBuildFile; fileRef = EBF37019199004750037555A /* KYTabBarItem01@2x.png */; };
		EBF37028199004750037555A /* KYTabBarItem02.png in Resources */ = {isa = PBXBuildFile; fileRef = EBF3701A199004750037555A /* KYTabBarItem02.png */; };
		EBF37029199004750037555A /* KYTabBarItem02@2x.png in Resources */ = {isa = PBXBuildFile; fileRef = EBF3701B199004750037555A /* KYTabBarItem02@2x.png */; };
		EBF3702A199004750037555A /* KYTabBarItem03.png in Resources */ = {isa = PBXBuildFile; fileRef = EBF3701C199004750037555A /* KYTabBarItem03.png */; };
		EBF3702B199004750037555A /* KYTabBarItem03@2x.png in Resources */ = {isa = PBXBuildFile; fileRef = EBF3701D199004750037555A /* KYTabBarItem03@2x.png */; };
		EBF3702C199004750037555A /* KYTabBarItem04.png in Resources */ = {isa = PBXBuildFile; fileRef = EBF3701E199004750037555A /* KYTabBarItem04.png */; };
		EBF3702D199004750037555A /* KYTabBarItem04@2x.png in Resources */ = {isa = PBXBuildFile; fileRef = EBF3701F199004750037555A /* KYTabBarItem04@2x.png */; };
		EBF37035199004D10037555A /* KYArcTab.m in Sources */ = {isa = PBXBuildFile; fileRef = EBF37032199004D10037555A /* KYArcTab.m */; };
		EBF37036199004D10037555A /* KYArcTabViewController.m in Sources */ = {isa = PBXBuildFile; fileRef = EBF37034199004D10037555A /* KYArcTabViewController.m */; };
		EBF37038199005B20037555A /* QuartzCore.framework in Frameworks */ = {isa = PBXBuildFile; fileRef = EBF37037199005B20037555A /* QuartzCore.framework */; };
		EBF3703B199007F70037555A /* Constants.m in Sources */ = {isa = PBXBuildFile; fileRef = EBF3703A199007F70037555A /* Constants.m */; };
		EBFF1188198C4EA800E91DBE /* AVFoundation.framework in Frameworks */ = {isa = PBXBuildFile; fileRef = EBFF1187198C4EA800E91DBE /* AVFoundation.framework */; };
		EBFF118F198C4F9500E91DBE /* ball-bounce.mp3 in Resources */ = {isa = PBXBuildFile; fileRef = EBFF118A198C4F9500E91DBE /* ball-bounce.mp3 */; };
		EBFF1190198C4F9500E91DBE /* sound1.caf in Resources */ = {isa = PBXBuildFile; fileRef = EBFF118B198C4F9500E91DBE /* sound1.caf */; };
		EBFF1191198C4F9500E91DBE /* sound2.caf in Resources */ = {isa = PBXBuildFile; fileRef = EBFF118C198C4F9500E91DBE /* sound2.caf */; };
		EBFF1192198C4F9500E91DBE /* track1.caf in Resources */ = {isa = PBXBuildFile; fileRef = EBFF118D198C4F9500E91DBE /* track1.caf */; };
		EBFF1193198C4F9500E91DBE /* track2.caf in Resources */ = {isa = PBXBuildFile; fileRef = EBFF118E198C4F9500E91DBE /* track2.caf */; };
/* End PBXBuildFile section */

/* Begin PBXContainerItemProxy section */
		EBB1D910198A594800CDD6E5 /* PBXContainerItemProxy */ = {
			isa = PBXContainerItemProxy;
			containerPortal = EBB1D8D7198A594800CDD6E5 /* Project object */;
			proxyType = 1;
			remoteGlobalIDString = EBB1D8DE198A594800CDD6E5;
			remoteInfo = GardenFootball;
		};
/* End PBXContainerItemProxy section */

/* Begin PBXFileReference section */
		EB1F2C5D198B0E3700929EDD /* LauchViewController.h */ = {isa = PBXFileReference; fileEncoding = 4; lastKnownFileType = sourcecode.c.h; path = LauchViewController.h; sourceTree = "<group>"; };
		EB1F2C5E198B0E3700929EDD /* LauchViewController.m */ = {isa = PBXFileReference; fileEncoding = 4; lastKnownFileType = sourcecode.c.objc; path = LauchViewController.m; sourceTree = "<group>"; };
		EB1F2C60198B0EA700929EDD /* GardenStoryboard.storyboard */ = {isa = PBXFileReference; fileEncoding = 4; lastKnownFileType = file.storyboard; path = GardenStoryboard.storyboard; sourceTree = "<group>"; };
		EB1F2C6E198B1C8A00929EDD /* HelperUtils.h */ = {isa = PBXFileReference; fileEncoding = 4; lastKnownFileType = sourcecode.c.h; path = HelperUtils.h; sourceTree = "<group>"; };
		EB1F2C6F198B1C8A00929EDD /* HelperUtils.mm */ = {isa = PBXFileReference; fileEncoding = 4; lastKnownFileType = sourcecode.cpp.objcpp; path = HelperUtils.mm; sourceTree = "<group>"; };
		EB1F2C73198B1F4F00929EDD /* launch_default.png */ = {isa = PBXFileReference; lastKnownFileType = image.png; path = launch_default.png; sourceTree = "<group>"; };
		EB1F2C74198B1F4F00929EDD /* launch.png */ = {isa = PBXFileReference; lastKnownFileType = image.png; path = launch.png; sourceTree = "<group>"; };
		EB1F2C78198B217200929EDD /* MainViewController.h */ = {isa = PBXFileReference; fileEncoding = 4; lastKnownFileType = sourcecode.c.h; path = MainViewController.h; sourceTree = "<group>"; };
		EB1F2C79198B217200929EDD /* MainViewController.m */ = {isa = PBXFileReference; fileEncoding = 4; lastKnownFileType = sourcecode.c.objc; path = MainViewController.m; sourceTree = "<group>"; };
		EB26250A198BA02100DF230F /* SoundManager.h */ = {isa = PBXFileReference; fileEncoding = 4; lastKnownFileType = sourcecode.c.h; path = SoundManager.h; sourceTree = "<group>"; };
		EB26250B198BA02100DF230F /* SoundManager.m */ = {isa = PBXFileReference; fileEncoding = 4; lastKnownFileType = sourcecode.c.objc; path = SoundManager.m; sourceTree = "<group>"; };
		EBB1D8DF198A594800CDD6E5 /* GardenFootball.app */ = {isa = PBXFileReference; explicitFileType = wrapper.application; includeInIndex = 0; path = GardenFootball.app; sourceTree = BUILT_PRODUCTS_DIR; };
		EBB1D8E2198A594800CDD6E5 /* UIKit.framework */ = {isa = PBXFileReference; lastKnownFileType = wrapper.framework; name = UIKit.framework; path = System/Library/Frameworks/UIKit.framework; sourceTree = SDKROOT; };
		EBB1D8E4198A594800CDD6E5 /* Foundation.framework */ = {isa = PBXFileReference; lastKnownFileType = wrapper.framework; name = Foundation.framework; path = System/Library/Frameworks/Foundation.framework; sourceTree = SDKROOT; };
		EBB1D8E6198A594800CDD6E5 /* CoreGraphics.framework */ = {isa = PBXFileReference; lastKnownFileType = wrapper.framework; name = CoreGraphics.framework; path = System/Library/Frameworks/CoreGraphics.framework; sourceTree = SDKROOT; };
		EBB1D8EA198A594800CDD6E5 /* GardenFootball-Info.plist */ = {isa = PBXFileReference; lastKnownFileType = text.plist.xml; path = "GardenFootball-Info.plist"; sourceTree = "<group>"; };
		EBB1D8EC198A594800CDD6E5 /* en */ = {isa = PBXFileReference; lastKnownFileType = text.plist.strings; name = en; path = en.lproj/InfoPlist.strings; sourceTree = "<group>"; };
		EBB1D8EE198A594800CDD6E5 /* main.m */ = {isa = PBXFileReference; lastKnownFileType = sourcecode.c.objc; path = main.m; sourceTree = "<group>"; };
		EBB1D8F0198A594800CDD6E5 /* GardenFootball-Prefix.pch */ = {isa = PBXFileReference; lastKnownFileType = sourcecode.c.h; path = "GardenFootball-Prefix.pch"; sourceTree = "<group>"; };
		EBB1D8F1198A594800CDD6E5 /* AppDelegate.h */ = {isa = PBXFileReference; lastKnownFileType = sourcecode.c.h; path = AppDelegate.h; sourceTree = "<group>"; };
		EBB1D8F2198A594800CDD6E5 /* AppDelegate.m */ = {isa = PBXFileReference; lastKnownFileType = sourcecode.c.objc; path = AppDelegate.m; sourceTree = "<group>"; };
		EBB1D8F4198A594800CDD6E5 /* Default.png */ = {isa = PBXFileReference; lastKnownFileType = image.png; path = Default.png; sourceTree = "<group>"; };
		EBB1D8F6198A594800CDD6E5 /* Default@2x.png */ = {isa = PBXFileReference; lastKnownFileType = image.png; path = "Default@2x.png"; sourceTree = "<group>"; };
		EBB1D8F8198A594800CDD6E5 /* Default-568h@2x.png */ = {isa = PBXFileReference; lastKnownFileType = image.png; path = "Default-568h@2x.png"; sourceTree = "<group>"; };
		EBB1D90B198A594800CDD6E5 /* GardenFootballTests.octest */ = {isa = PBXFileReference; explicitFileType = wrapper.cfbundle; includeInIndex = 0; path = GardenFootballTests.octest; sourceTree = BUILT_PRODUCTS_DIR; };
		EBB1D90C198A594800CDD6E5 /* SenTestingKit.framework */ = {isa = PBXFileReference; lastKnownFileType = wrapper.framework; name = SenTestingKit.framework; path = Library/Frameworks/SenTestingKit.framework; sourceTree = DEVELOPER_DIR; };
		EBB1D914198A594800CDD6E5 /* GardenFootballTests-Info.plist */ = {isa = PBXFileReference; lastKnownFileType = text.plist.xml; path = "GardenFootballTests-Info.plist"; sourceTree = "<group>"; };
		EBB1D916198A594800CDD6E5 /* en */ = {isa = PBXFileReference; lastKnownFileType = text.plist.strings; name = en; path = en.lproj/InfoPlist.strings; sourceTree = "<group>"; };
		EBB1D918198A594800CDD6E5 /* GardenFootballTests.h */ = {isa = PBXFileReference; lastKnownFileType = sourcecode.c.h; path = GardenFootballTests.h; sourceTree = "<group>"; };
		EBB1D919198A594900CDD6E5 /* GardenFootballTests.m */ = {isa = PBXFileReference; lastKnownFileType = sourcecode.c.objc; path = GardenFootballTests.m; sourceTree = "<group>"; };
		EBF37012199004750037555A /* KYIArcTabGestureHelp.png */ = {isa = PBXFileReference; lastKnownFileType = image.png; path = KYIArcTabGestureHelp.png; sourceTree = "<group>"; };
		EBF37013199004750037555A /* KYIArcTabGestureHelp@2x.png */ = {isa = PBXFileReference; lastKnownFileType = image.png; path = "KYIArcTabGestureHelp@2x.png"; sourceTree = "<group>"; };
		EBF37014199004750037555A /* KYITabBarArrow.png */ = {isa = PBXFileReference; lastKnownFileType = image.png; path = KYITabBarArrow.png; sourceTree = "<group>"; };
		EBF37015199004750037555A /* KYITabBarArrow@2x.png */ = {isa = PBXFileReference; lastKnownFileType = image.png; path = "KYITabBarArrow@2x.png"; sourceTree = "<group>"; };
		EBF37016199004750037555A /* KYITabBarBackground.png */ = {isa = PBXFileReference; lastKnownFileType = image.png; path = KYITabBarBackground.png; sourceTree = "<group>"; };
		EBF37017199004750037555A /* KYITabBarBackground@2x.png */ = {isa = PBXFileReference; lastKnownFileType = image.png; path = "KYITabBarBackground@2x.png"; sourceTree = "<group>"; };
		EBF37018199004750037555A /* KYTabBarItem01.png */ = {isa = PBXFileReference; lastKnownFileType = image.png; path = KYTabBarItem01.png; sourceTree = "<group>"; };
		EBF37019199004750037555A /* KYTabBarItem01@2x.png */ = {isa = PBXFileReference; lastKnownFileType = image.png; path = "KYTabBarItem01@2x.png"; sourceTree = "<group>"; };
		EBF3701A199004750037555A /* KYTabBarItem02.png */ = {isa = PBXFileReference; lastKnownFileType = image.png; path = KYTabBarItem02.png; sourceTree = "<group>"; };
		EBF3701B199004750037555A /* KYTabBarItem02@2x.png */ = {isa = PBXFileReference; lastKnownFileType = image.png; path = "KYTabBarItem02@2x.png"; sourceTree = "<group>"; };
		EBF3701C199004750037555A /* KYTabBarItem03.png */ = {isa = PBXFileReference; lastKnownFileType = image.png; path = KYTabBarItem03.png; sourceTree = "<group>"; };
		EBF3701D199004750037555A /* KYTabBarItem03@2x.png */ = {isa = PBXFileReference; lastKnownFileType = image.png; path = "KYTabBarItem03@2x.png"; sourceTree = "<group>"; };
		EBF3701E199004750037555A /* KYTabBarItem04.png */ = {isa = PBXFileReference; lastKnownFileType = image.png; path = KYTabBarItem04.png; sourceTree = "<group>"; };
		EBF3701F199004750037555A /* KYTabBarItem04@2x.png */ = {isa = PBXFileReference; lastKnownFileType = image.png; path = "KYTabBarItem04@2x.png"; sourceTree = "<group>"; };
		EBF37031199004D10037555A /* KYArcTab.h */ = {isa = PBXFileReference; fileEncoding = 4; lastKnownFileType = sourcecode.c.h; path = KYArcTab.h; sourceTree = "<group>"; };
		EBF37032199004D10037555A /* KYArcTab.m */ = {isa = PBXFileReference; fileEncoding = 4; lastKnownFileType = sourcecode.c.objc; path = KYArcTab.m; sourceTree = "<group>"; };
		EBF37033199004D10037555A /* KYArcTabViewController.h */ = {isa = PBXFileReference; fileEncoding = 4; lastKnownFileType = sourcecode.c.h; path = KYArcTabViewController.h; sourceTree = "<group>"; };
		EBF37034199004D10037555A /* KYArcTabViewController.m */ = {isa = PBXFileReference; fileEncoding = 4; lastKnownFileType = sourcecode.c.objc; path = KYArcTabViewController.m; sourceTree = "<group>"; };
		EBF37037199005B20037555A /* QuartzCore.framework */ = {isa = PBXFileReference; lastKnownFileType = wrapper.framework; name = QuartzCore.framework; path = System/Library/Frameworks/QuartzCore.framework; sourceTree = SDKROOT; };
		EBF37039199007F70037555A /* Constants.h */ = {isa = PBXFileReference; fileEncoding = 4; lastKnownFileType = sourcecode.c.h; name = Constants.h; path = ../../../../../../../../Users/phamhoang/Desktop/Constants.h; sourceTree = "<group>"; };
		EBF3703A199007F70037555A /* Constants.m */ = {isa = PBXFileReference; fileEncoding = 4; lastKnownFileType = sourcecode.c.objc; name = Constants.m; path = ../../../../../../../../Users/phamhoang/Desktop/Constants.m; sourceTree = "<group>"; };
		EBFF1187198C4EA800E91DBE /* AVFoundation.framework */ = {isa = PBXFileReference; lastKnownFileType = wrapper.framework; name = AVFoundation.framework; path = System/Library/Frameworks/AVFoundation.framework; sourceTree = SDKROOT; };
		EBFF118A198C4F9500E91DBE /* ball-bounce.mp3 */ = {isa = PBXFileReference; lastKnownFileType = audio.mp3; name = "ball-bounce.mp3"; path = "../../../../../../../../Users/phamhoang/Desktop/ball-bounce.mp3"; sourceTree = "<group>"; };
		EBFF118B198C4F9500E91DBE /* sound1.caf */ = {isa = PBXFileReference; lastKnownFileType = file; name = sound1.caf; path = ../../../../../../../../Users/phamhoang/Desktop/sound1.caf; sourceTree = "<group>"; };
		EBFF118C198C4F9500E91DBE /* sound2.caf */ = {isa = PBXFileReference; lastKnownFileType = file; name = sound2.caf; path = ../../../../../../../../Users/phamhoang/Desktop/sound2.caf; sourceTree = "<group>"; };
		EBFF118D198C4F9500E91DBE /* track1.caf */ = {isa = PBXFileReference; lastKnownFileType = file; name = track1.caf; path = ../../../../../../../../Users/phamhoang/Desktop/track1.caf; sourceTree = "<group>"; };
		EBFF118E198C4F9500E91DBE /* track2.caf */ = {isa = PBXFileReference; lastKnownFileType = file; name = track2.caf; path = ../../../../../../../../Users/phamhoang/Desktop/track2.caf; sourceTree = "<group>"; };
/* End PBXFileReference section */

/* Begin PBXFrameworksBuildPhase section */
		EBB1D8DC198A594800CDD6E5 /* Frameworks */ = {
			isa = PBXFrameworksBuildPhase;
			buildActionMask = 2147483647;
			files = (
				EBF37038199005B20037555A /* QuartzCore.framework in Frameworks */,
				EBFF1188198C4EA800E91DBE /* AVFoundation.framework in Frameworks */,
				EBB1D8E3198A594800CDD6E5 /* UIKit.framework in Frameworks */,
				EBB1D8E5198A594800CDD6E5 /* Foundation.framework in Frameworks */,
				EBB1D8E7198A594800CDD6E5 /* CoreGraphics.framework in Frameworks */,
			);
			runOnlyForDeploymentPostprocessing = 0;
		};
		EBB1D907198A594800CDD6E5 /* Frameworks */ = {
			isa = PBXFrameworksBuildPhase;
			buildActionMask = 2147483647;
			files = (
				EBB1D90D198A594800CDD6E5 /* SenTestingKit.framework in Frameworks */,
				EBB1D90E198A594800CDD6E5 /* UIKit.framework in Frameworks */,
				EBB1D90F198A594800CDD6E5 /* Foundation.framework in Frameworks */,
			);
			runOnlyForDeploymentPostprocessing = 0;
		};
/* End PBXFrameworksBuildPhase section */

/* Begin PBXGroup section */
		EB1F2C59198B0DB800929EDD /* UIScreen */ = {
			isa = PBXGroup;
			children = (
				EB1F2C77198B215300929EDD /* MainScreen */,
				EB1F2C5A198B0DCC00929EDD /* LauchScreen */,
			);
			name = UIScreen;
			sourceTree = "<group>";
		};
		EB1F2C5A198B0DCC00929EDD /* LauchScreen */ = {
			isa = PBXGroup;
			children = (
				EB1F2C5D198B0E3700929EDD /* LauchViewController.h */,
				EB1F2C5E198B0E3700929EDD /* LauchViewController.m */,
			);
			name = LauchScreen;
			sourceTree = "<group>";
		};
		EB1F2C69198B1B6300929EDD /* CommonUtils */ = {
			isa = PBXGroup;
			children = (
				EBF37039199007F70037555A /* Constants.h */,
				EBF3703A199007F70037555A /* Constants.m */,
				EB1F2C6E198B1C8A00929EDD /* HelperUtils.h */,
				EB1F2C6F198B1C8A00929EDD /* HelperUtils.mm */,
				EB26250A198BA02100DF230F /* SoundManager.h */,
				EB26250B198BA02100DF230F /* SoundManager.m */,
			);
			name = CommonUtils;
			sourceTree = "<group>";
		};
		EB1F2C77198B215300929EDD /* MainScreen */ = {
			isa = PBXGroup;
			children = (
				EB1F2C78198B217200929EDD /* MainViewController.h */,
				EB1F2C79198B217200929EDD /* MainViewController.m */,
			);
			name = MainScreen;
			sourceTree = "<group>";
		};
		EB262509198B9ED400DF230F /* Images */ = {
			isa = PBXGroup;
			children = (
				EBF37011199004750037555A /* MenuKYArc */,
				EB1F2C73198B1F4F00929EDD /* launch_default.png */,
				EB1F2C74198B1F4F00929EDD /* launch.png */,
			);
			name = Images;
			sourceTree = "<group>";
		};
		EBB1D8D6198A594800CDD6E5 = {
			isa = PBXGroup;
			children = (
				EBB1D8E8198A594800CDD6E5 /* GardenFootball */,
				EBB1D912198A594800CDD6E5 /* GardenFootballTests */,
				EBB1D8E1198A594800CDD6E5 /* Frameworks */,
				EBB1D8E0198A594800CDD6E5 /* Products */,
			);
			sourceTree = "<group>";
		};
		EBB1D8E0198A594800CDD6E5 /* Products */ = {
			isa = PBXGroup;
			children = (
				EBB1D8DF198A594800CDD6E5 /* GardenFootball.app */,
				EBB1D90B198A594800CDD6E5 /* GardenFootballTests.octest */,
			);
			name = Products;
			sourceTree = "<group>";
		};
		EBB1D8E1198A594800CDD6E5 /* Frameworks */ = {
			isa = PBXGroup;
			children = (
				EBF37037199005B20037555A /* QuartzCore.framework */,
				EBFF1187198C4EA800E91DBE /* AVFoundation.framework */,
				EBB1D8E2198A594800CDD6E5 /* UIKit.framework */,
				EBB1D8E4198A594800CDD6E5 /* Foundation.framework */,
				EBB1D8E6198A594800CDD6E5 /* CoreGraphics.framework */,
				EBB1D90C198A594800CDD6E5 /* SenTestingKit.framework */,
			);
			name = Frameworks;
			sourceTree = "<group>";
		};
		EBB1D8E8198A594800CDD6E5 /* GardenFootball */ = {
			isa = PBXGroup;
			children = (
				EBF37030199004D10037555A /* KYArcTab */,
				EB1F2C69198B1B6300929EDD /* CommonUtils */,
				EB1F2C59198B0DB800929EDD /* UIScreen */,
				EBB1D8F1198A594800CDD6E5 /* AppDelegate.h */,
				EBB1D8F2198A594800CDD6E5 /* AppDelegate.m */,
				EBB1D8E9198A594800CDD6E5 /* Supporting Files */,
				EB1F2C60198B0EA700929EDD /* GardenStoryboard.storyboard */,
			);
			path = GardenFootball;
			sourceTree = "<group>";
		};
		EBB1D8E9198A594800CDD6E5 /* Supporting Files */ = {
			isa = PBXGroup;
			children = (
				EBFF1189198C4F6900E91DBE /* Sound */,
				EB262509198B9ED400DF230F /* Images */,
				EBB1D8EA198A594800CDD6E5 /* GardenFootball-Info.plist */,
				EBB1D8EB198A594800CDD6E5 /* InfoPlist.strings */,
				EBB1D8EE198A594800CDD6E5 /* main.m */,
				EBB1D8F0198A594800CDD6E5 /* GardenFootball-Prefix.pch */,
				EBB1D8F4198A594800CDD6E5 /* Default.png */,
				EBB1D8F6198A594800CDD6E5 /* Default@2x.png */,
				EBB1D8F8198A594800CDD6E5 /* Default-568h@2x.png */,
			);
			name = "Supporting Files";
			sourceTree = "<group>";
		};
		EBB1D912198A594800CDD6E5 /* GardenFootballTests */ = {
			isa = PBXGroup;
			children = (
				EBB1D918198A594800CDD6E5 /* GardenFootballTests.h */,
				EBB1D919198A594900CDD6E5 /* GardenFootballTests.m */,
				EBB1D913198A594800CDD6E5 /* Supporting Files */,
			);
			path = GardenFootballTests;
			sourceTree = "<group>";
		};
		EBB1D913198A594800CDD6E5 /* Supporting Files */ = {
			isa = PBXGroup;
			children = (
				EBB1D914198A594800CDD6E5 /* GardenFootballTests-Info.plist */,
				EBB1D915198A594800CDD6E5 /* InfoPlist.strings */,
			);
			name = "Supporting Files";
			sourceTree = "<group>";
		};
		EBF37011199004750037555A /* MenuKYArc */ = {
			isa = PBXGroup;
			children = (
				EBF37012199004750037555A /* KYIArcTabGestureHelp.png */,
				EBF37013199004750037555A /* KYIArcTabGestureHelp@2x.png */,
				EBF37014199004750037555A /* KYITabBarArrow.png */,
				EBF37015199004750037555A /* KYITabBarArrow@2x.png */,
				EBF37016199004750037555A /* KYITabBarBackground.png */,
				EBF37017199004750037555A /* KYITabBarBackground@2x.png */,
				EBF37018199004750037555A /* KYTabBarItem01.png */,
				EBF37019199004750037555A /* KYTabBarItem01@2x.png */,
				EBF3701A199004750037555A /* KYTabBarItem02.png */,
				EBF3701B199004750037555A /* KYTabBarItem02@2x.png */,
				EBF3701C199004750037555A /* KYTabBarItem03.png */,
				EBF3701D199004750037555A /* KYTabBarItem03@2x.png */,
				EBF3701E199004750037555A /* KYTabBarItem04.png */,
				EBF3701F199004750037555A /* KYTabBarItem04@2x.png */,
			);
			path = MenuKYArc;
			sourceTree = "<group>";
		};
		EBF37030199004D10037555A /* KYArcTab */ = {
			isa = PBXGroup;
			children = (
				EBF37031199004D10037555A /* KYArcTab.h */,
				EBF37032199004D10037555A /* KYArcTab.m */,
				EBF37033199004D10037555A /* KYArcTabViewController.h */,
				EBF37034199004D10037555A /* KYArcTabViewController.m */,
			);
			path = KYArcTab;
			sourceTree = "<group>";
		};
		EBFF1189198C4F6900E91DBE /* Sound */ = {
			isa = PBXGroup;
			children = (
				EBFF118A198C4F9500E91DBE /* ball-bounce.mp3 */,
				EBFF118B198C4F9500E91DBE /* sound1.caf */,
				EBFF118C198C4F9500E91DBE /* sound2.caf */,
				EBFF118D198C4F9500E91DBE /* track1.caf */,
				EBFF118E198C4F9500E91DBE /* track2.caf */,
			);
			name = Sound;
			sourceTree = "<group>";
		};
/* End PBXGroup section */

/* Begin PBXNativeTarget section */
		EBB1D8DE198A594800CDD6E5 /* GardenFootball */ = {
			isa = PBXNativeTarget;
			buildConfigurationList = EBB1D91D198A594900CDD6E5 /* Build configuration list for PBXNativeTarget "GardenFootball" */;
			buildPhases = (
				EBB1D8DB198A594800CDD6E5 /* Sources */,
				EBB1D8DC198A594800CDD6E5 /* Frameworks */,
				EBB1D8DD198A594800CDD6E5 /* Resources */,
			);
			buildRules = (
			);
			dependencies = (
			);
			name = GardenFootball;
			productName = GardenFootball;
			productReference = EBB1D8DF198A594800CDD6E5 /* GardenFootball.app */;
			productType = "com.apple.product-type.application";
		};
		EBB1D90A198A594800CDD6E5 /* GardenFootballTests */ = {
			isa = PBXNativeTarget;
			buildConfigurationList = EBB1D920198A594900CDD6E5 /* Build configuration list for PBXNativeTarget "GardenFootballTests" */;
			buildPhases = (
				EBB1D906198A594800CDD6E5 /* Sources */,
				EBB1D907198A594800CDD6E5 /* Frameworks */,
				EBB1D908198A594800CDD6E5 /* Resources */,
				EBB1D909198A594800CDD6E5 /* ShellScript */,
			);
			buildRules = (
			);
			dependencies = (
				EBB1D911198A594800CDD6E5 /* PBXTargetDependency */,
			);
			name = GardenFootballTests;
			productName = GardenFootballTests;
			productReference = EBB1D90B198A594800CDD6E5 /* GardenFootballTests.octest */;
			productType = "com.apple.product-type.bundle";
		};
/* End PBXNativeTarget section */

/* Begin PBXProject section */
		EBB1D8D7198A594800CDD6E5 /* Project object */ = {
			isa = PBXProject;
			attributes = {
				LastTestingUpgradeCheck = 0510;
				LastUpgradeCheck = 0460;
				ORGANIZATIONNAME = "Pham Hoang";
			};
			buildConfigurationList = EBB1D8DA198A594800CDD6E5 /* Build configuration list for PBXProject "GardenFootball" */;
			compatibilityVersion = "Xcode 3.2";
			developmentRegion = English;
			hasScannedForEncodings = 0;
			knownRegions = (
				en,
			);
			mainGroup = EBB1D8D6198A594800CDD6E5;
			productRefGroup = EBB1D8E0198A594800CDD6E5 /* Products */;
			projectDirPath = "";
			projectRoot = "";
			targets = (
				EBB1D8DE198A594800CDD6E5 /* GardenFootball */,
				EBB1D90A198A594800CDD6E5 /* GardenFootballTests */,
			);
		};
/* End PBXProject section */

/* Begin PBXResourcesBuildPhase section */
		EBB1D8DD198A594800CDD6E5 /* Resources */ = {
			isa = PBXResourcesBuildPhase;
			buildActionMask = 2147483647;
			files = (
				EBF37021199004750037555A /* KYIArcTabGestureHelp@2x.png in Resources */,
				EBB1D8ED198A594800CDD6E5 /* InfoPlist.strings in Resources */,
				EBF37028199004750037555A /* KYTabBarItem02.png in Resources */,
				EBF3702C199004750037555A /* KYTabBarItem04.png in Resources */,
				EBF3702A199004750037555A /* KYTabBarItem03.png in Resources */,
				EBF3702D199004750037555A /* KYTabBarItem04@2x.png in Resources */,
				EBF37025199004750037555A /* KYITabBarBackground@2x.png in Resources */,
				EBFF118F198C4F9500E91DBE /* ball-bounce.mp3 in Resources */,
				EBB1D8F5198A594800CDD6E5 /* Default.png in Resources */,
				EBF37022199004750037555A /* KYITabBarArrow.png in Resources */,
				EBB1D8F7198A594800CDD6E5 /* Default@2x.png in Resources */,
				EBF37023199004750037555A /* KYITabBarArrow@2x.png in Resources */,
				EBF37029199004750037555A /* KYTabBarItem02@2x.png in Resources */,
				EBFF1190198C4F9500E91DBE /* sound1.caf in Resources */,
				EBF3702B199004750037555A /* KYTabBarItem03@2x.png in Resources */,
				EBFF1193198C4F9500E91DBE /* track2.caf in Resources */,
				EBF37026199004750037555A /* KYTabBarItem01.png in Resources */,
				EBFF1191198C4F9500E91DBE /* sound2.caf in Resources */,
				EBF37024199004750037555A /* KYITabBarBackground.png in Resources */,
				EBB1D8F9198A594800CDD6E5 /* Default-568h@2x.png in Resources */,
				EBF37020199004750037555A /* KYIArcTabGestureHelp.png in Resources */,
				EB1F2C61198B0EA700929EDD /* GardenStoryboard.storyboard in Resources */,
				EB1F2C75198B1F4F00929EDD /* launch_default.png in Resources */,
				EBFF1192198C4F9500E91DBE /* track1.caf in Resources */,
				EBF37027199004750037555A /* KYTabBarItem01@2x.png in Resources */,
				EB1F2C76198B1F4F00929EDD /* launch.png in Resources */,
			);
			runOnlyForDeploymentPostprocessing = 0;
		};
		EBB1D908198A594800CDD6E5 /* Resources */ = {
			isa = PBXResourcesBuildPhase;
			buildActionMask = 2147483647;
			files = (
				EBB1D917198A594800CDD6E5 /* InfoPlist.strings in Resources */,
			);
			runOnlyForDeploymentPostprocessing = 0;
		};
/* End PBXResourcesBuildPhase section */

/* Begin PBXShellScriptBuildPhase section */
		EBB1D909198A594800CDD6E5 /* ShellScript */ = {
			isa = PBXShellScriptBuildPhase;
			buildActionMask = 2147483647;
			files = (
			);
			inputPaths = (
			);
			outputPaths = (
			);
			runOnlyForDeploymentPostprocessing = 0;
			shellPath = /bin/sh;
			shellScript = "# Run the unit tests in this test bundle.\n\"${SYSTEM_DEVELOPER_DIR}/Tools/RunUnitTests\"\n";
		};
/* End PBXShellScriptBuildPhase section */

/* Begin PBXSourcesBuildPhase section */
		EBB1D8DB198A594800CDD6E5 /* Sources */ = {
			isa = PBXSourcesBuildPhase;
			buildActionMask = 2147483647;
			files = (
				EBB1D8EF198A594800CDD6E5 /* main.m in Sources */,
				EBB1D8F3198A594800CDD6E5 /* AppDelegate.m in Sources */,
				EB1F2C5F198B0E3700929EDD /* LauchViewController.m in Sources */,
				EBF37036199004D10037555A /* KYArcTabViewController.m in Sources */,
				EBF3703B199007F70037555A /* Constants.m in Sources */,
				EB1F2C70198B1C8A00929EDD /* HelperUtils.mm in Sources */,
				EB1F2C7A198B217200929EDD /* MainViewController.m in Sources */,
				EBF37035199004D10037555A /* KYArcTab.m in Sources */,
				EB26250C198BA02100DF230F /* SoundManager.m in Sources */,
			);
			runOnlyForDeploymentPostprocessing = 0;
		};
		EBB1D906198A594800CDD6E5 /* Sources */ = {
			isa = PBXSourcesBuildPhase;
			buildActionMask = 2147483647;
			files = (
				EBB1D91A198A594900CDD6E5 /* GardenFootballTests.m in Sources */,
			);
			runOnlyForDeploymentPostprocessing = 0;
		};
/* End PBXSourcesBuildPhase section */

/* Begin PBXTargetDependency section */
		EBB1D911198A594800CDD6E5 /* PBXTargetDependency */ = {
			isa = PBXTargetDependency;
			target = EBB1D8DE198A594800CDD6E5 /* GardenFootball */;
			targetProxy = EBB1D910198A594800CDD6E5 /* PBXContainerItemProxy */;
		};
/* End PBXTargetDependency section */

/* Begin PBXVariantGroup section */
		EBB1D8EB198A594800CDD6E5 /* InfoPlist.strings */ = {
			isa = PBXVariantGroup;
			children = (
				EBB1D8EC198A594800CDD6E5 /* en */,
			);
			name = InfoPlist.strings;
			sourceTree = "<group>";
		};
		EBB1D915198A594800CDD6E5 /* InfoPlist.strings */ = {
			isa = PBXVariantGroup;
			children = (
				EBB1D916198A594800CDD6E5 /* en */,
			);
			name = InfoPlist.strings;
			sourceTree = "<group>";
		};
/* End PBXVariantGroup section */

/* Begin XCBuildConfiguration section */
		EBB1D91B198A594900CDD6E5 /* Debug */ = {
			isa = XCBuildConfiguration;
			buildSettings = {
				ALWAYS_SEARCH_USER_PATHS = NO;
				CLANG_CXX_LANGUAGE_STANDARD = "gnu++0x";
				CLANG_CXX_LIBRARY = "libc++";
				CLANG_ENABLE_OBJC_ARC = YES;
				CLANG_WARN_CONSTANT_CONVERSION = YES;
				CLANG_WARN_EMPTY_BODY = YES;
				CLANG_WARN_ENUM_CONVERSION = YES;
				CLANG_WARN_INT_CONVERSION = YES;
				CLANG_WARN__DUPLICATE_METHOD_MATCH = YES;
				"CODE_SIGN_IDENTITY[sdk=iphoneos*]" = "iPhone Developer";
				COPY_PHASE_STRIP = NO;
				GCC_C_LANGUAGE_STANDARD = gnu99;
				GCC_DYNAMIC_NO_PIC = NO;
				GCC_OPTIMIZATION_LEVEL = 0;
				GCC_PREPROCESSOR_DEFINITIONS = (
					"DEBUG=1",
					"$(inherited)",
				);
				GCC_SYMBOLS_PRIVATE_EXTERN = NO;
				GCC_WARN_ABOUT_RETURN_TYPE = YES;
				GCC_WARN_UNINITIALIZED_AUTOS = YES;
				GCC_WARN_UNUSED_VARIABLE = YES;
				IPHONEOS_DEPLOYMENT_TARGET = 6.1;
				ONLY_ACTIVE_ARCH = YES;
				SDKROOT = iphoneos;
			};
			name = Debug;
		};
		EBB1D91C198A594900CDD6E5 /* Release */ = {
			isa = XCBuildConfiguration;
			buildSettings = {
				ALWAYS_SEARCH_USER_PATHS = NO;
				CLANG_CXX_LANGUAGE_STANDARD = "gnu++0x";
				CLANG_CXX_LIBRARY = "libc++";
				CLANG_ENABLE_OBJC_ARC = YES;
				CLANG_WARN_CONSTANT_CONVERSION = YES;
				CLANG_WARN_EMPTY_BODY = YES;
				CLANG_WARN_ENUM_CONVERSION = YES;
				CLANG_WARN_INT_CONVERSION = YES;
				CLANG_WARN__DUPLICATE_METHOD_MATCH = YES;
				"CODE_SIGN_IDENTITY[sdk=iphoneos*]" = "iPhone Developer";
				COPY_PHASE_STRIP = YES;
				GCC_C_LANGUAGE_STANDARD = gnu99;
				GCC_WARN_ABOUT_RETURN_TYPE = YES;
				GCC_WARN_UNINITIALIZED_AUTOS = YES;
				GCC_WARN_UNUSED_VARIABLE = YES;
				IPHONEOS_DEPLOYMENT_TARGET = 6.1;
				OTHER_CFLAGS = "-DNS_BLOCK_ASSERTIONS=1";
				SDKROOT = iphoneos;
				VALIDATE_PRODUCT = YES;
			};
			name = Release;
		};
		EBB1D91E198A594900CDD6E5 /* Debug */ = {
			isa = XCBuildConfiguration;
			buildSettings = {
				GCC_PRECOMPILE_PREFIX_HEADER = YES;
				GCC_PREFIX_HEADER = "GardenFootball/GardenFootball-Prefix.pch";
				INFOPLIST_FILE = "GardenFootball/GardenFootball-Info.plist";
				PRODUCT_NAME = "$(TARGET_NAME)";
				WRAPPER_EXTENSION = app;
			};
			name = Debug;
		};
		EBB1D91F198A594900CDD6E5 /* Release */ = {
			isa = XCBuildConfiguration;
			buildSettings = {
				GCC_PRECOMPILE_PREFIX_HEADER = YES;
				GCC_PREFIX_HEADER = "GardenFootball/GardenFootball-Prefix.pch";
				INFOPLIST_FILE = "GardenFootball/GardenFootball-Info.plist";
				PRODUCT_NAME = "$(TARGET_NAME)";
				WRAPPER_EXTENSION = app;
			};
			name = Release;
		};
		EBB1D921198A594900CDD6E5 /* Debug */ = {
			isa = XCBuildConfiguration;
			buildSettings = {
				BUNDLE_LOADER = "$(BUILT_PRODUCTS_DIR)/GardenFootball.app/GardenFootball";
				FRAMEWORK_SEARCH_PATHS = (
					"\"$(SDKROOT)/Developer/Library/Frameworks\"",
					"\"$(DEVELOPER_LIBRARY_DIR)/Frameworks\"",
				);
				GCC_PRECOMPILE_PREFIX_HEADER = YES;
				GCC_PREFIX_HEADER = "GardenFootball/GardenFootball-Prefix.pch";
				INFOPLIST_FILE = "GardenFootballTests/GardenFootballTests-Info.plist";
				PRODUCT_NAME = "$(TARGET_NAME)";
				TEST_HOST = "$(BUNDLE_LOADER)";
				WRAPPER_EXTENSION = octest;
			};
			name = Debug;
		};
		EBB1D922198A594900CDD6E5 /* Release */ = {
			isa = XCBuildConfiguration;
			buildSettings = {
				BUNDLE_LOADER = "$(BUILT_PRODUCTS_DIR)/GardenFootball.app/GardenFootball";
				FRAMEWORK_SEARCH_PATHS = (
					"\"$(SDKROOT)/Developer/Library/Frameworks\"",
					"\"$(DEVELOPER_LIBRARY_DIR)/Frameworks\"",
				);
				GCC_PRECOMPILE_PREFIX_HEADER = YES;
				GCC_PREFIX_HEADER = "GardenFootball/GardenFootball-Prefix.pch";
				INFOPLIST_FILE = "GardenFootballTests/GardenFootballTests-Info.plist";
				PRODUCT_NAME = "$(TARGET_NAME)";
				TEST_HOST = "$(BUNDLE_LOADER)";
				WRAPPER_EXTENSION = octest;
			};
			name = Release;
		};
/* End XCBuildConfiguration section */

/* Begin XCConfigurationList section */
		EBB1D8DA198A594800CDD6E5 /* Build configuration list for PBXProject "GardenFootball" */ = {
			isa = XCConfigurationList;
			buildConfigurations = (
				EBB1D91B198A594900CDD6E5 /* Debug */,
				EBB1D91C198A594900CDD6E5 /* Release */,
			);
			defaultConfigurationIsVisible = 0;
			defaultConfigurationName = Release;
		};
		EBB1D91D198A594900CDD6E5 /* Build configuration list for PBXNativeTarget "GardenFootball" */ = {
			isa = XCConfigurationList;
			buildConfigurations = (
				EBB1D91E198A594900CDD6E5 /* Debug */,
				EBB1D91F198A594900CDD6E5 /* Release */,
			);
			defaultConfigurationIsVisible = 0;
			defaultConfigurationName = Release;
		};
		EBB1D920198A594900CDD6E5 /* Build configuration list for PBXNativeTarget "GardenFootballTests" */ = {
			isa = XCConfigurationList;
			buildConfigurations = (
				EBB1D921198A594900CDD6E5 /* Debug */,
				EBB1D922198A594900CDD6E5 /* Release */,
			);
			defaultConfigurationIsVisible = 0;
			defaultConfigurationName = Release;
		};
/* End XCConfigurationList section */
	};
	rootObject = EBB1D8D7198A594800CDD6E5 /* Project object */;
}
